<?xml version="1.0" encoding="utf-8"?>
<Project ToolsVersion="4.0" xmlns="http://schemas.microsoft.com/developer/msbuild/2003">
  <ItemGroup>
    <Filter Include="Source Files">
      <UniqueIdentifier>{4FC737F1-C7A5-4376-A066-2A32D752A2FF}</UniqueIdentifier>
      <Extensions>cpp;c;cc;cxx;def;odl;idl;hpj;bat;asm;asmx</Extensions>
    </Filter>
    <Filter Include="Header Files">
      <UniqueIdentifier>{93995380-89BD-4b04-88EB-625FBE52EBFB}</UniqueIdentifier>
      <Extensions>h;hpp;hxx;hm;inl;inc;xsd</Extensions>
    </Filter>
    <Filter Include="Resource Files">
      <UniqueIdentifier>{67DA6AB6-F800-4c08-8B7A-83BB121AAD01}</UniqueIdentifier>
      <Extensions>rc;ico;cur;bmp;dlg;rc2;rct;bin;rgs;gif;jpg;jpeg;jpe;resx;tiff;tif;png;wav;mfcribbon-ms</Extensions>
    </Filter>
    <Filter Include="include">
      <UniqueIdentifier>{4fdd49d9-7ceb-4611-85c8-d5c18a3c372c}</UniqueIdentifier>
    </Filter>
    <Filter Include="pugixml">
      <UniqueIdentifier>{fc7c0856-6711-4172-bbf8-db192288d032}</UniqueIdentifier>
    </Filter>
  </ItemGroup>
  <ItemGroup>
    <ClInclude Include="..\include\RDatabase.h">
      <Filter>include</Filter>
    </ClInclude>
    <ClInclude Include="..\include\RObject.h">
      <Filter>include</Filter>
    </ClInclude>
    <ClInclude Include="..\include\Rtchar.h">
      <Filter>include</Filter>
    </ClInclude>
    <ClInclude Include="..\include\RString.h">
      <Filter>include</Filter>
    </ClInclude>
    <ClInclude Include="..\..\pugixml\src\pugiconfig.hpp">
      <Filter>pugixml</Filter>
    </ClInclude>
    <ClInclude Include="..\..\pugixml\src\pugixml.hpp">
      <Filter>pugixml</Filter>
    </ClInclude>
    <ClInclude Include="RObjectImp.h">
      <Filter>Header Files</Filter>
    </ClInclude>
    <ClInclude Include="RMenuImp.h">
      <Filter>Header Files</Filter>
    </ClInclude>
    <ClInclude Include="..\include\RMenu.h">
      <Filter>include</Filter>
    </ClInclude>
  </ItemGroup>
  <ItemGroup>
    <ClCompile Include="RDatabase.cpp">
      <Filter>Source Files</Filter>
    </ClCompile>
    <ClCompile Include="RString.cpp">
      <Filter>Source Files</Filter>
    </ClCompile>
    <ClCompile Include="..\..\pugixml\src\pugixml.cpp">
      <Filter>pugixml</Filter>
    </ClCompile>
    <ClCompile Include="RObjectA.cpp">
      <Filter>Source Files</Filter>
    </ClCompile>
    <ClCompile Include="RObjectW.cpp">
      <Filter>Source Files</Filter>
    </ClCompile>
    <ClCompile Include="RMenuA.cpp">
      <Filter>Source Files</Filter>
    </ClCompile>
    <ClCompile Include="RMenuW.cpp">
      <Filter>Source Files</Filter>
    </ClCompile>
  </ItemGroup>
</Project>